// !$*UTF8*$!
{
	archiveVersion = 1;
	classes = {
	};
	objectVersion = 56;
	objects = {

/* Begin PBXBuildFile section */
		643233132A95E7170091E327 /* EditProfileView.swift in Sources */ = {isa = PBXBuildFile; fileRef = 643233122A95E7170091E327 /* EditProfileView.swift */; };
		648A30842A94B23600D4FEFE /* ThreadsTextFieldModifier.swift in Sources */ = {isa = PBXBuildFile; fileRef = 648A30832A94B23600D4FEFE /* ThreadsTextFieldModifier.swift */; };
		648A30872A94B76200D4FEFE /* ThreadsTabView.swift in Sources */ = {isa = PBXBuildFile; fileRef = 648A30862A94B76200D4FEFE /* ThreadsTabView.swift */; };
		648A308B2A94BAEB00D4FEFE /* FeedView.swift in Sources */ = {isa = PBXBuildFile; fileRef = 648A308A2A94BAEB00D4FEFE /* FeedView.swift */; };
		648A86FF2A94DFCB000895B8 /* ExploreView.swift in Sources */ = {isa = PBXBuildFile; fileRef = 648A86FE2A94DFCB000895B8 /* ExploreView.swift */; };
		648A87042A94E04A000895B8 /* CreateThreadView.swift in Sources */ = {isa = PBXBuildFile; fileRef = 648A87032A94E04A000895B8 /* CreateThreadView.swift */; };
		648A87082A94E0A0000895B8 /* ActivityView.swift in Sources */ = {isa = PBXBuildFile; fileRef = 648A87072A94E0A0000895B8 /* ActivityView.swift */; };
		648A870C2A94E0F0000895B8 /* ProfileView.swift in Sources */ = {isa = PBXBuildFile; fileRef = 648A870B2A94E0F0000895B8 /* ProfileView.swift */; };
		648A87102A94F025000895B8 /* ThreadCell.swift in Sources */ = {isa = PBXBuildFile; fileRef = 648A870F2A94F025000895B8 /* ThreadCell.swift */; };
		64941F892A947C000049C005 /* _4_swift_threadsApp.swift in Sources */ = {isa = PBXBuildFile; fileRef = 64941F882A947C000049C005 /* _4_swift_threadsApp.swift */; };
		64941F8B2A947C000049C005 /* ContentView.swift in Sources */ = {isa = PBXBuildFile; fileRef = 64941F8A2A947C000049C005 /* ContentView.swift */; };
		64941F8D2A947C020049C005 /* Assets.xcassets in Resources */ = {isa = PBXBuildFile; fileRef = 64941F8C2A947C020049C005 /* Assets.xcassets */; };
		64941F912A947C020049C005 /* Preview Assets.xcassets in Resources */ = {isa = PBXBuildFile; fileRef = 64941F902A947C020049C005 /* Preview Assets.xcassets */; };
		64941F992A9481FC0049C005 /* FirebaseAuth in Frameworks */ = {isa = PBXBuildFile; productRef = 64941F982A9481FC0049C005 /* FirebaseAuth */; };
		64941F9B2A9481FC0049C005 /* FirebaseFirestore in Frameworks */ = {isa = PBXBuildFile; productRef = 64941F9A2A9481FC0049C005 /* FirebaseFirestore */; };
		64941F9D2A9481FC0049C005 /* FirebaseFirestoreSwift in Frameworks */ = {isa = PBXBuildFile; productRef = 64941F9C2A9481FC0049C005 /* FirebaseFirestoreSwift */; };
		64941F9F2A9481FC0049C005 /* FirebaseStorage in Frameworks */ = {isa = PBXBuildFile; productRef = 64941F9E2A9481FC0049C005 /* FirebaseStorage */; };
		64941FA12A9482A90049C005 /* GoogleService-Info.plist in Resources */ = {isa = PBXBuildFile; fileRef = 64941FA02A9482A90049C005 /* GoogleService-Info.plist */; };
		64941FAE2A94907B0049C005 /* LoginView.swift in Sources */ = {isa = PBXBuildFile; fileRef = 64941FAD2A94907B0049C005 /* LoginView.swift */; };
		64941FB02A949F650049C005 /* RegistrationView.swift in Sources */ = {isa = PBXBuildFile; fileRef = 64941FAF2A949F650049C005 /* RegistrationView.swift */; };
		64A2F49D2A95B781001D1425 /* ProfileThreadFilter.swift in Sources */ = {isa = PBXBuildFile; fileRef = 64A2F49C2A95B781001D1425 /* ProfileThreadFilter.swift */; };
		64A583372A95087C00BDA0D2 /* CircularProfileImageView.swift in Sources */ = {isa = PBXBuildFile; fileRef = 64A583362A95087C00BDA0D2 /* CircularProfileImageView.swift */; };
		64A583392A95096300BDA0D2 /* UserCell.swift in Sources */ = {isa = PBXBuildFile; fileRef = 64A583382A95096300BDA0D2 /* UserCell.swift */; };
		64AC9D432A9716E3002D88D6 /* AuthViewModel.swift in Sources */ = {isa = PBXBuildFile; fileRef = 64AC9D422A9716E3002D88D6 /* AuthViewModel.swift */; };
/* End PBXBuildFile section */

/* Begin PBXFileReference section */
		643233122A95E7170091E327 /* EditProfileView.swift */ = {isa = PBXFileReference; lastKnownFileType = sourcecode.swift; path = EditProfileView.swift; sourceTree = "<group>"; };
		648A30832A94B23600D4FEFE /* ThreadsTextFieldModifier.swift */ = {isa = PBXFileReference; lastKnownFileType = sourcecode.swift; path = ThreadsTextFieldModifier.swift; sourceTree = "<group>"; };
		648A30862A94B76200D4FEFE /* ThreadsTabView.swift */ = {isa = PBXFileReference; lastKnownFileType = sourcecode.swift; path = ThreadsTabView.swift; sourceTree = "<group>"; };
		648A308A2A94BAEB00D4FEFE /* FeedView.swift */ = {isa = PBXFileReference; lastKnownFileType = sourcecode.swift; path = FeedView.swift; sourceTree = "<group>"; };
		648A86FE2A94DFCB000895B8 /* ExploreView.swift */ = {isa = PBXFileReference; lastKnownFileType = sourcecode.swift; path = ExploreView.swift; sourceTree = "<group>"; };
		648A87032A94E04A000895B8 /* CreateThreadView.swift */ = {isa = PBXFileReference; lastKnownFileType = sourcecode.swift; path = CreateThreadView.swift; sourceTree = "<group>"; };
		648A87072A94E0A0000895B8 /* ActivityView.swift */ = {isa = PBXFileReference; lastKnownFileType = sourcecode.swift; path = ActivityView.swift; sourceTree = "<group>"; };
		648A870B2A94E0F0000895B8 /* ProfileView.swift */ = {isa = PBXFileReference; lastKnownFileType = sourcecode.swift; path = ProfileView.swift; sourceTree = "<group>"; };
		648A870F2A94F025000895B8 /* ThreadCell.swift */ = {isa = PBXFileReference; lastKnownFileType = sourcecode.swift; path = ThreadCell.swift; sourceTree = "<group>"; };
		64941F852A947C000049C005 /* 14-swift-threads.app */ = {isa = PBXFileReference; explicitFileType = wrapper.application; includeInIndex = 0; path = "14-swift-threads.app"; sourceTree = BUILT_PRODUCTS_DIR; };
		64941F882A947C000049C005 /* _4_swift_threadsApp.swift */ = {isa = PBXFileReference; lastKnownFileType = sourcecode.swift; path = _4_swift_threadsApp.swift; sourceTree = "<group>"; };
		64941F8A2A947C000049C005 /* ContentView.swift */ = {isa = PBXFileReference; lastKnownFileType = sourcecode.swift; path = ContentView.swift; sourceTree = "<group>"; };
		64941F8C2A947C020049C005 /* Assets.xcassets */ = {isa = PBXFileReference; lastKnownFileType = folder.assetcatalog; path = Assets.xcassets; sourceTree = "<group>"; };
		64941F8E2A947C020049C005 /* _4_swift_threads.entitlements */ = {isa = PBXFileReference; lastKnownFileType = text.plist.entitlements; path = _4_swift_threads.entitlements; sourceTree = "<group>"; };
		64941F902A947C020049C005 /* Preview Assets.xcassets */ = {isa = PBXFileReference; lastKnownFileType = folder.assetcatalog; path = "Preview Assets.xcassets"; sourceTree = "<group>"; };
		64941FA02A9482A90049C005 /* GoogleService-Info.plist */ = {isa = PBXFileReference; fileEncoding = 4; lastKnownFileType = text.plist.xml; path = "GoogleService-Info.plist"; sourceTree = "<group>"; };
		64941FAD2A94907B0049C005 /* LoginView.swift */ = {isa = PBXFileReference; lastKnownFileType = sourcecode.swift; path = LoginView.swift; sourceTree = "<group>"; };
		64941FAF2A949F650049C005 /* RegistrationView.swift */ = {isa = PBXFileReference; lastKnownFileType = sourcecode.swift; path = RegistrationView.swift; sourceTree = "<group>"; };
		64A2F49C2A95B781001D1425 /* ProfileThreadFilter.swift */ = {isa = PBXFileReference; lastKnownFileType = sourcecode.swift; path = ProfileThreadFilter.swift; sourceTree = "<group>"; };
		64A583362A95087C00BDA0D2 /* CircularProfileImageView.swift */ = {isa = PBXFileReference; lastKnownFileType = sourcecode.swift; path = CircularProfileImageView.swift; sourceTree = "<group>"; };
		64A583382A95096300BDA0D2 /* UserCell.swift */ = {isa = PBXFileReference; lastKnownFileType = sourcecode.swift; path = UserCell.swift; sourceTree = "<group>"; };
		64AC9D422A9716E3002D88D6 /* AuthViewModel.swift */ = {isa = PBXFileReference; lastKnownFileType = sourcecode.swift; path = AuthViewModel.swift; sourceTree = "<group>"; };
/* End PBXFileReference section */

/* Begin PBXFrameworksBuildPhase section */
		64941F822A947C000049C005 /* Frameworks */ = {
			isa = PBXFrameworksBuildPhase;
			buildActionMask = 2147483647;
			files = (
				64941F992A9481FC0049C005 /* FirebaseAuth in Frameworks */,
				64941F9F2A9481FC0049C005 /* FirebaseStorage in Frameworks */,
				64941F9B2A9481FC0049C005 /* FirebaseFirestore in Frameworks */,
				64941F9D2A9481FC0049C005 /* FirebaseFirestoreSwift in Frameworks */,
			);
			runOnlyForDeploymentPostprocessing = 0;
		};
/* End PBXFrameworksBuildPhase section */

/* Begin PBXGroup section */
		643233102A95E4F90091E327 /* EditProfile */ = {
			isa = PBXGroup;
			children = (
				643233112A95E5000091E327 /* Views */,
			);
			path = EditProfile;
			sourceTree = "<group>";
		};
		643233112A95E5000091E327 /* Views */ = {
			isa = PBXGroup;
			children = (
				643233122A95E7170091E327 /* EditProfileView.swift */,
			);
			path = Views;
			sourceTree = "<group>";
		};
		648A30822A94B20800D4FEFE /* ViewModifiers */ = {
			isa = PBXGroup;
			children = (
				648A30832A94B23600D4FEFE /* ThreadsTextFieldModifier.swift */,
			);
			path = ViewModifiers;
			sourceTree = "<group>";
		};
		648A30852A94B72D00D4FEFE /* TabBar */ = {
			isa = PBXGroup;
			children = (
				648A30862A94B76200D4FEFE /* ThreadsTabView.swift */,
			);
			path = TabBar;
			sourceTree = "<group>";
		};
		648A30882A94BAD100D4FEFE /* Feed */ = {
			isa = PBXGroup;
			children = (
				648A30892A94BADA00D4FEFE /* Views */,
			);
			path = Feed;
			sourceTree = "<group>";
		};
		648A30892A94BADA00D4FEFE /* Views */ = {
			isa = PBXGroup;
			children = (
				648A308A2A94BAEB00D4FEFE /* FeedView.swift */,
				648A870F2A94F025000895B8 /* ThreadCell.swift */,
			);
			path = Views;
			sourceTree = "<group>";
		};
		648A308C2A94C18F00D4FEFE /* Explore */ = {
			isa = PBXGroup;
			children = (
				648A308D2A94C19A00D4FEFE /* Views */,
			);
			path = Explore;
			sourceTree = "<group>";
		};
		648A308D2A94C19A00D4FEFE /* Views */ = {
			isa = PBXGroup;
			children = (
				648A86FE2A94DFCB000895B8 /* ExploreView.swift */,
			);
			path = Views;
			sourceTree = "<group>";
		};
		648A87012A94E021000895B8 /* ThreadCreation */ = {
			isa = PBXGroup;
			children = (
				648A87022A94E032000895B8 /* Views */,
			);
			path = ThreadCreation;
			sourceTree = "<group>";
		};
		648A87022A94E032000895B8 /* Views */ = {
			isa = PBXGroup;
			children = (
				648A87032A94E04A000895B8 /* CreateThreadView.swift */,
			);
			path = Views;
			sourceTree = "<group>";
		};
		648A87052A94E08D000895B8 /* Activity */ = {
			isa = PBXGroup;
			children = (
				648A87062A94E094000895B8 /* Views */,
			);
			path = Activity;
			sourceTree = "<group>";
		};
		648A87062A94E094000895B8 /* Views */ = {
			isa = PBXGroup;
			children = (
				648A87072A94E0A0000895B8 /* ActivityView.swift */,
			);
			path = Views;
			sourceTree = "<group>";
		};
		648A87092A94E0BF000895B8 /* Profile */ = {
			isa = PBXGroup;
			children = (
				643233102A95E4F90091E327 /* EditProfile */,
				64A2F49B2A95B76F001D1425 /* Models */,
				648A870A2A94E0C3000895B8 /* Views */,
			);
			path = Profile;
			sourceTree = "<group>";
		};
		648A870A2A94E0C3000895B8 /* Views */ = {
			isa = PBXGroup;
			children = (
				648A870B2A94E0F0000895B8 /* ProfileView.swift */,
			);
			path = Views;
			sourceTree = "<group>";
		};
		64941F7C2A947C000049C005 = {
			isa = PBXGroup;
			children = (
				64941F872A947C000049C005 /* 14-swift-threads */,
				64941F862A947C000049C005 /* Products */,
			);
			sourceTree = "<group>";
		};
		64941F862A947C000049C005 /* Products */ = {
			isa = PBXGroup;
			children = (
				64941F852A947C000049C005 /* 14-swift-threads.app */,
			);
			name = Products;
			sourceTree = "<group>";
		};
		64941F872A947C000049C005 /* 14-swift-threads */ = {
			isa = PBXGroup;
			children = (
				64941FA92A948E080049C005 /* App */,
				64941FA82A948E030049C005 /* Core */,
				64941FA72A948DF60049C005 /* Extensions */,
				64941FA62A948DF10049C005 /* Model */,
				64941FA52A948DEA0049C005 /* Services */,
				64941FA42A948DDE0049C005 /* Utils */,
				64941F8C2A947C020049C005 /* Assets.xcassets */,
				64941FA02A9482A90049C005 /* GoogleService-Info.plist */,
				64941F8E2A947C020049C005 /* _4_swift_threads.entitlements */,
				64941F8F2A947C020049C005 /* Preview Content */,
			);
			path = "14-swift-threads";
			sourceTree = "<group>";
		};
		64941F8F2A947C020049C005 /* Preview Content */ = {
			isa = PBXGroup;
			children = (
				64941F902A947C020049C005 /* Preview Assets.xcassets */,
			);
			path = "Preview Content";
			sourceTree = "<group>";
		};
		64941FA42A948DDE0049C005 /* Utils */ = {
			isa = PBXGroup;
			children = (
				648A30822A94B20800D4FEFE /* ViewModifiers */,
			);
			path = Utils;
			sourceTree = "<group>";
		};
		64941FA52A948DEA0049C005 /* Services */ = {
			isa = PBXGroup;
			children = (
			);
			path = Services;
			sourceTree = "<group>";
		};
		64941FA62A948DF10049C005 /* Model */ = {
			isa = PBXGroup;
			children = (
			);
			path = Model;
			sourceTree = "<group>";
		};
		64941FA72A948DF60049C005 /* Extensions */ = {
			isa = PBXGroup;
			children = (
			);
			path = Extensions;
			sourceTree = "<group>";
		};
		64941FA82A948E030049C005 /* Core */ = {
			isa = PBXGroup;
			children = (
				648A87052A94E08D000895B8 /* Activity */,
				64941FAB2A948E230049C005 /* Authentication */,
				64A583352A95084400BDA0D2 /* Components */,
				648A308C2A94C18F00D4FEFE /* Explore */,
				648A30882A94BAD100D4FEFE /* Feed */,
				648A87092A94E0BF000895B8 /* Profile */,
				64941FAA2A948E1A0049C005 /* Root */,
				648A30852A94B72D00D4FEFE /* TabBar */,
				648A87012A94E021000895B8 /* ThreadCreation */,
			);
			path = Core;
			sourceTree = "<group>";
		};
		64941FA92A948E080049C005 /* App */ = {
			isa = PBXGroup;
			children = (
				64941F882A947C000049C005 /* _4_swift_threadsApp.swift */,
			);
			path = App;
			sourceTree = "<group>";
		};
		64941FAA2A948E1A0049C005 /* Root */ = {
			isa = PBXGroup;
			children = (
				64AC9D3C2A964526002D88D6 /* Views */,
			);
			path = Root;
			sourceTree = "<group>";
		};
		64941FAB2A948E230049C005 /* Authentication */ = {
			isa = PBXGroup;
			children = (
				64A958CE2A962FB7003DA788 /* ViewModels */,
				64941FAC2A94906C0049C005 /* Views */,
			);
			path = Authentication;
			sourceTree = "<group>";
		};
		64941FAC2A94906C0049C005 /* Views */ = {
			isa = PBXGroup;
			children = (
				64941FAD2A94907B0049C005 /* LoginView.swift */,
				64941FAF2A949F650049C005 /* RegistrationView.swift */,
			);
			path = Views;
			sourceTree = "<group>";
		};
		64A2F49B2A95B76F001D1425 /* Models */ = {
			isa = PBXGroup;
			children = (
				64A2F49C2A95B781001D1425 /* ProfileThreadFilter.swift */,
			);
			path = Models;
			sourceTree = "<group>";
		};
		64A583352A95084400BDA0D2 /* Components */ = {
			isa = PBXGroup;
			children = (
				64A583362A95087C00BDA0D2 /* CircularProfileImageView.swift */,
				64A583382A95096300BDA0D2 /* UserCell.swift */,
			);
			path = Components;
			sourceTree = "<group>";
		};
		64A958CE2A962FB7003DA788 /* ViewModels */ = {
			isa = PBXGroup;
			children = (
				64AC9D422A9716E3002D88D6 /* AuthViewModel.swift */,
			);
			path = ViewModels;
			sourceTree = "<group>";
		};
		64AC9D3C2A964526002D88D6 /* Views */ = {
			isa = PBXGroup;
			children = (
				64941F8A2A947C000049C005 /* ContentView.swift */,
			);
			path = Views;
			sourceTree = "<group>";
		};
/* End PBXGroup section */

/* Begin PBXNativeTarget section */
		64941F842A947C000049C005 /* 14-swift-threads */ = {
			isa = PBXNativeTarget;
			buildConfigurationList = 64941F942A947C020049C005 /* Build configuration list for PBXNativeTarget "14-swift-threads" */;
			buildPhases = (
				64941F812A947C000049C005 /* Sources */,
				64941F822A947C000049C005 /* Frameworks */,
				64941F832A947C000049C005 /* Resources */,
			);
			buildRules = (
			);
			dependencies = (
			);
			name = "14-swift-threads";
			packageProductDependencies = (
				64941F982A9481FC0049C005 /* FirebaseAuth */,
				64941F9A2A9481FC0049C005 /* FirebaseFirestore */,
				64941F9C2A9481FC0049C005 /* FirebaseFirestoreSwift */,
				64941F9E2A9481FC0049C005 /* FirebaseStorage */,
			);
			productName = "14-swift-threads";
			productReference = 64941F852A947C000049C005 /* 14-swift-threads.app */;
			productType = "com.apple.product-type.application";
		};
/* End PBXNativeTarget section */

/* Begin PBXProject section */
		64941F7D2A947C000049C005 /* Project object */ = {
			isa = PBXProject;
			attributes = {
				BuildIndependentTargetsInParallel = 1;
				LastSwiftUpdateCheck = 1420;
				LastUpgradeCheck = 1420;
				TargetAttributes = {
					64941F842A947C000049C005 = {
						CreatedOnToolsVersion = 14.2;
					};
				};
			};
			buildConfigurationList = 64941F802A947C000049C005 /* Build configuration list for PBXProject "14-swift-threads" */;
			compatibilityVersion = "Xcode 14.0";
			developmentRegion = en;
			hasScannedForEncodings = 0;
			knownRegions = (
				en,
				Base,
			);
			mainGroup = 64941F7C2A947C000049C005;
			packageReferences = (
				64941F972A9481FC0049C005 /* XCRemoteSwiftPackageReference "firebase-ios-sdk" */,
			);
			productRefGroup = 64941F862A947C000049C005 /* Products */;
			projectDirPath = "";
			projectRoot = "";
			targets = (
				64941F842A947C000049C005 /* 14-swift-threads */,
			);
		};
/* End PBXProject section */

/* Begin PBXResourcesBuildPhase section */
		64941F832A947C000049C005 /* Resources */ = {
			isa = PBXResourcesBuildPhase;
			buildActionMask = 2147483647;
			files = (
				64941F912A947C020049C005 /* Preview Assets.xcassets in Resources */,
				64941F8D2A947C020049C005 /* Assets.xcassets in Resources */,
				64941FA12A9482A90049C005 /* GoogleService-Info.plist in Resources */,
			);
			runOnlyForDeploymentPostprocessing = 0;
		};
/* End PBXResourcesBuildPhase section */

/* Begin PBXSourcesBuildPhase section */
		64941F812A947C000049C005 /* Sources */ = {
			isa = PBXSourcesBuildPhase;
			buildActionMask = 2147483647;
			files = (
				64AC9D432A9716E3002D88D6 /* AuthViewModel.swift in Sources */,
				648A308B2A94BAEB00D4FEFE /* FeedView.swift in Sources */,
				64941FAE2A94907B0049C005 /* LoginView.swift in Sources */,
				643233132A95E7170091E327 /* EditProfileView.swift in Sources */,
				64941F8B2A947C000049C005 /* ContentView.swift in Sources */,
				648A87102A94F025000895B8 /* ThreadCell.swift in Sources */,
				648A87082A94E0A0000895B8 /* ActivityView.swift in Sources */,
				64A583372A95087C00BDA0D2 /* CircularProfileImageView.swift in Sources */,
				64A583392A95096300BDA0D2 /* UserCell.swift in Sources */,
				648A87042A94E04A000895B8 /* CreateThreadView.swift in Sources */,
				64A2F49D2A95B781001D1425 /* ProfileThreadFilter.swift in Sources */,
				648A30872A94B76200D4FEFE /* ThreadsTabView.swift in Sources */,
				648A30842A94B23600D4FEFE /* ThreadsTextFieldModifier.swift in Sources */,
				64941F892A947C000049C005 /* _4_swift_threadsApp.swift in Sources */,
				648A86FF2A94DFCB000895B8 /* ExploreView.swift in Sources */,
				648A870C2A94E0F0000895B8 /* ProfileView.swift in Sources */,
				64941FB02A949F650049C005 /* RegistrationView.swift in Sources */,
			);
			runOnlyForDeploymentPostprocessing = 0;
		};
/* End PBXSourcesBuildPhase section */

/* Begin XCBuildConfiguration section */
		64941F922A947C020049C005 /* Debug */ = {
			isa = XCBuildConfiguration;
			buildSettings = {
				ALWAYS_SEARCH_USER_PATHS = NO;
				CLANG_ANALYZER_NONNULL = YES;
				CLANG_ANALYZER_NUMBER_OBJECT_CONVERSION = YES_AGGRESSIVE;
				CLANG_CXX_LANGUAGE_STANDARD = "gnu++20";
				CLANG_ENABLE_MODULES = YES;
				CLANG_ENABLE_OBJC_ARC = YES;
				CLANG_ENABLE_OBJC_WEAK = YES;
				CLANG_WARN_BLOCK_CAPTURE_AUTORELEASING = YES;
				CLANG_WARN_BOOL_CONVERSION = YES;
				CLANG_WARN_COMMA = YES;
				CLANG_WARN_CONSTANT_CONVERSION = YES;
				CLANG_WARN_DEPRECATED_OBJC_IMPLEMENTATIONS = YES;
				CLANG_WARN_DIRECT_OBJC_ISA_USAGE = YES_ERROR;
				CLANG_WARN_DOCUMENTATION_COMMENTS = YES;
				CLANG_WARN_EMPTY_BODY = YES;
				CLANG_WARN_ENUM_CONVERSION = YES;
				CLANG_WARN_INFINITE_RECURSION = YES;
				CLANG_WARN_INT_CONVERSION = YES;
				CLANG_WARN_NON_LITERAL_NULL_CONVERSION = YES;
				CLANG_WARN_OBJC_IMPLICIT_RETAIN_SELF = YES;
				CLANG_WARN_OBJC_LITERAL_CONVERSION = YES;
				CLANG_WARN_OBJC_ROOT_CLASS = YES_ERROR;
				CLANG_WARN_QUOTED_INCLUDE_IN_FRAMEWORK_HEADER = YES;
				CLANG_WARN_RANGE_LOOP_ANALYSIS = YES;
				CLANG_WARN_STRICT_PROTOTYPES = YES;
				CLANG_WARN_SUSPICIOUS_MOVE = YES;
				CLANG_WARN_UNGUARDED_AVAILABILITY = YES_AGGRESSIVE;
				CLANG_WARN_UNREACHABLE_CODE = YES;
				CLANG_WARN__DUPLICATE_METHOD_MATCH = YES;
				COPY_PHASE_STRIP = NO;
				DEBUG_INFORMATION_FORMAT = dwarf;
				ENABLE_STRICT_OBJC_MSGSEND = YES;
				ENABLE_TESTABILITY = YES;
				GCC_C_LANGUAGE_STANDARD = gnu11;
				GCC_DYNAMIC_NO_PIC = NO;
				GCC_NO_COMMON_BLOCKS = YES;
				GCC_OPTIMIZATION_LEVEL = 0;
				GCC_PREPROCESSOR_DEFINITIONS = (
					"DEBUG=1",
					"$(inherited)",
				);
				GCC_WARN_64_TO_32_BIT_CONVERSION = YES;
				GCC_WARN_ABOUT_RETURN_TYPE = YES_ERROR;
				GCC_WARN_UNDECLARED_SELECTOR = YES;
				GCC_WARN_UNINITIALIZED_AUTOS = YES_AGGRESSIVE;
				GCC_WARN_UNUSED_FUNCTION = YES;
				GCC_WARN_UNUSED_VARIABLE = YES;
				MTL_ENABLE_DEBUG_INFO = INCLUDE_SOURCE;
				MTL_FAST_MATH = YES;
				ONLY_ACTIVE_ARCH = YES;
				SWIFT_ACTIVE_COMPILATION_CONDITIONS = DEBUG;
				SWIFT_OPTIMIZATION_LEVEL = "-Onone";
			};
			name = Debug;
		};
		64941F932A947C020049C005 /* Release */ = {
			isa = XCBuildConfiguration;
			buildSettings = {
				ALWAYS_SEARCH_USER_PATHS = NO;
				CLANG_ANALYZER_NONNULL = YES;
				CLANG_ANALYZER_NUMBER_OBJECT_CONVERSION = YES_AGGRESSIVE;
				CLANG_CXX_LANGUAGE_STANDARD = "gnu++20";
				CLANG_ENABLE_MODULES = YES;
				CLANG_ENABLE_OBJC_ARC = YES;
				CLANG_ENABLE_OBJC_WEAK = YES;
				CLANG_WARN_BLOCK_CAPTURE_AUTORELEASING = YES;
				CLANG_WARN_BOOL_CONVERSION = YES;
				CLANG_WARN_COMMA = YES;
				CLANG_WARN_CONSTANT_CONVERSION = YES;
				CLANG_WARN_DEPRECATED_OBJC_IMPLEMENTATIONS = YES;
				CLANG_WARN_DIRECT_OBJC_ISA_USAGE = YES_ERROR;
				CLANG_WARN_DOCUMENTATION_COMMENTS = YES;
				CLANG_WARN_EMPTY_BODY = YES;
				CLANG_WARN_ENUM_CONVERSION = YES;
				CLANG_WARN_INFINITE_RECURSION = YES;
				CLANG_WARN_INT_CONVERSION = YES;
				CLANG_WARN_NON_LITERAL_NULL_CONVERSION = YES;
				CLANG_WARN_OBJC_IMPLICIT_RETAIN_SELF = YES;
				CLANG_WARN_OBJC_LITERAL_CONVERSION = YES;
				CLANG_WARN_OBJC_ROOT_CLASS = YES_ERROR;
				CLANG_WARN_QUOTED_INCLUDE_IN_FRAMEWORK_HEADER = YES;
				CLANG_WARN_RANGE_LOOP_ANALYSIS = YES;
				CLANG_WARN_STRICT_PROTOTYPES = YES;
				CLANG_WARN_SUSPICIOUS_MOVE = YES;
				CLANG_WARN_UNGUARDED_AVAILABILITY = YES_AGGRESSIVE;
				CLANG_WARN_UNREACHABLE_CODE = YES;
				CLANG_WARN__DUPLICATE_METHOD_MATCH = YES;
				COPY_PHASE_STRIP = NO;
				DEBUG_INFORMATION_FORMAT = "dwarf-with-dsym";
				ENABLE_NS_ASSERTIONS = NO;
				ENABLE_STRICT_OBJC_MSGSEND = YES;
				GCC_C_LANGUAGE_STANDARD = gnu11;
				GCC_NO_COMMON_BLOCKS = YES;
				GCC_WARN_64_TO_32_BIT_CONVERSION = YES;
				GCC_WARN_ABOUT_RETURN_TYPE = YES_ERROR;
				GCC_WARN_UNDECLARED_SELECTOR = YES;
				GCC_WARN_UNINITIALIZED_AUTOS = YES_AGGRESSIVE;
				GCC_WARN_UNUSED_FUNCTION = YES;
				GCC_WARN_UNUSED_VARIABLE = YES;
				MTL_ENABLE_DEBUG_INFO = NO;
				MTL_FAST_MATH = YES;
				SWIFT_COMPILATION_MODE = wholemodule;
				SWIFT_OPTIMIZATION_LEVEL = "-O";
			};
			name = Release;
		};
		64941F952A947C020049C005 /* Debug */ = {
			isa = XCBuildConfiguration;
			buildSettings = {
				ASSETCATALOG_COMPILER_APPICON_NAME = AppIcon;
				ASSETCATALOG_COMPILER_GLOBAL_ACCENT_COLOR_NAME = AccentColor;
				CODE_SIGN_ENTITLEMENTS = "14-swift-threads/_4_swift_threads.entitlements";
				CODE_SIGN_STYLE = Automatic;
				CURRENT_PROJECT_VERSION = 1;
				DEVELOPMENT_ASSET_PATHS = "\"14-swift-threads/Preview Content\"";
				ENABLE_PREVIEWS = YES;
				GENERATE_INFOPLIST_FILE = YES;
				"INFOPLIST_KEY_UIApplicationSceneManifest_Generation[sdk=iphoneos*]" = YES;
				"INFOPLIST_KEY_UIApplicationSceneManifest_Generation[sdk=iphonesimulator*]" = YES;
				"INFOPLIST_KEY_UIApplicationSupportsIndirectInputEvents[sdk=iphoneos*]" = YES;
				"INFOPLIST_KEY_UIApplicationSupportsIndirectInputEvents[sdk=iphonesimulator*]" = YES;
				"INFOPLIST_KEY_UILaunchScreen_Generation[sdk=iphoneos*]" = YES;
				"INFOPLIST_KEY_UILaunchScreen_Generation[sdk=iphonesimulator*]" = YES;
				"INFOPLIST_KEY_UIStatusBarStyle[sdk=iphoneos*]" = UIStatusBarStyleDefault;
				"INFOPLIST_KEY_UIStatusBarStyle[sdk=iphonesimulator*]" = UIStatusBarStyleDefault;
				INFOPLIST_KEY_UISupportedInterfaceOrientations_iPad = "UIInterfaceOrientationPortrait UIInterfaceOrientationPortraitUpsideDown UIInterfaceOrientationLandscapeLeft UIInterfaceOrientationLandscapeRight";
				INFOPLIST_KEY_UISupportedInterfaceOrientations_iPhone = "UIInterfaceOrientationPortrait UIInterfaceOrientationLandscapeLeft UIInterfaceOrientationLandscapeRight";
				IPHONEOS_DEPLOYMENT_TARGET = 16.2;
				LD_RUNPATH_SEARCH_PATHS = "@executable_path/Frameworks";
				"LD_RUNPATH_SEARCH_PATHS[sdk=macosx*]" = "@executable_path/../Frameworks";
				MACOSX_DEPLOYMENT_TARGET = 12.6;
				MARKETING_VERSION = 1.0;
				PRODUCT_BUNDLE_IDENTIFIER = "ai.cherrypick.-4-swift-threads";
				PRODUCT_NAME = "$(TARGET_NAME)";
				SDKROOT = auto;
				SUPPORTED_PLATFORMS = "iphoneos iphonesimulator macosx";
				SWIFT_EMIT_LOC_STRINGS = YES;
				SWIFT_VERSION = 5.0;
				TARGETED_DEVICE_FAMILY = "1,2";
			};
			name = Debug;
		};
		64941F962A947C020049C005 /* Release */ = {
			isa = XCBuildConfiguration;
			buildSettings = {
				ASSETCATALOG_COMPILER_APPICON_NAME = AppIcon;
				ASSETCATALOG_COMPILER_GLOBAL_ACCENT_COLOR_NAME = AccentColor;
				CODE_SIGN_ENTITLEMENTS = "14-swift-threads/_4_swift_threads.entitlements";
				CODE_SIGN_STYLE = Automatic;
				CURRENT_PROJECT_VERSION = 1;
				DEVELOPMENT_ASSET_PATHS = "\"14-swift-threads/Preview Content\"";
				ENABLE_PREVIEWS = YES;
				GENERATE_INFOPLIST_FILE = YES;
				"INFOPLIST_KEY_UIApplicationSceneManifest_Generation[sdk=iphoneos*]" = YES;
				"INFOPLIST_KEY_UIApplicationSceneManifest_Generation[sdk=iphonesimulator*]" = YES;
				"INFOPLIST_KEY_UIApplicationSupportsIndirectInputEvents[sdk=iphoneos*]" = YES;
				"INFOPLIST_KEY_UIApplicationSupportsIndirectInputEvents[sdk=iphonesimulator*]" = YES;
				"INFOPLIST_KEY_UILaunchScreen_Generation[sdk=iphoneos*]" = YES;
				"INFOPLIST_KEY_UILaunchScreen_Generation[sdk=iphonesimulator*]" = YES;
				"INFOPLIST_KEY_UIStatusBarStyle[sdk=iphoneos*]" = UIStatusBarStyleDefault;
				"INFOPLIST_KEY_UIStatusBarStyle[sdk=iphonesimulator*]" = UIStatusBarStyleDefault;
				INFOPLIST_KEY_UISupportedInterfaceOrientations_iPad = "UIInterfaceOrientationPortrait UIInterfaceOrientationPortraitUpsideDown UIInterfaceOrientationLandscapeLeft UIInterfaceOrientationLandscapeRight";
				INFOPLIST_KEY_UISupportedInterfaceOrientations_iPhone = "UIInterfaceOrientationPortrait UIInterfaceOrientationLandscapeLeft UIInterfaceOrientationLandscapeRight";
				IPHONEOS_DEPLOYMENT_TARGET = 16.2;
				LD_RUNPATH_SEARCH_PATHS = "@executable_path/Frameworks";
				"LD_RUNPATH_SEARCH_PATHS[sdk=macosx*]" = "@executable_path/../Frameworks";
				MACOSX_DEPLOYMENT_TARGET = 12.6;
				MARKETING_VERSION = 1.0;
				PRODUCT_BUNDLE_IDENTIFIER = "ai.cherrypick.-4-swift-threads";
				PRODUCT_NAME = "$(TARGET_NAME)";
				SDKROOT = auto;
				SUPPORTED_PLATFORMS = "iphoneos iphonesimulator macosx";
				SWIFT_EMIT_LOC_STRINGS = YES;
				SWIFT_VERSION = 5.0;
				TARGETED_DEVICE_FAMILY = "1,2";
			};
			name = Release;
		};
/* End XCBuildConfiguration section */

/* Begin XCConfigurationList section */
		64941F802A947C000049C005 /* Build configuration list for PBXProject "14-swift-threads" */ = {
			isa = XCConfigurationList;
			buildConfigurations = (
				64941F922A947C020049C005 /* Debug */,
				64941F932A947C020049C005 /* Release */,
			);
			defaultConfigurationIsVisible = 0;
			defaultConfigurationName = Release;
		};
		64941F942A947C020049C005 /* Build configuration list for PBXNativeTarget "14-swift-threads" */ = {
			isa = XCConfigurationList;
			buildConfigurations = (
				64941F952A947C020049C005 /* Debug */,
				64941F962A947C020049C005 /* Release */,
			);
			defaultConfigurationIsVisible = 0;
			defaultConfigurationName = Release;
		};
/* End XCConfigurationList section */

/* Begin XCRemoteSwiftPackageReference section */
		64941F972A9481FC0049C005 /* XCRemoteSwiftPackageReference "firebase-ios-sdk" */ = {
			isa = XCRemoteSwiftPackageReference;
			repositoryURL = "https://github.com/firebase/firebase-ios-sdk";
			requirement = {
				kind = upToNextMajorVersion;
				minimumVersion = 9.0.0;
			};
		};
/* End XCRemoteSwiftPackageReference section */

/* Begin XCSwiftPackageProductDependency section */
		64941F982A9481FC0049C005 /* FirebaseAuth */ = {
			isa = XCSwiftPackageProductDependency;
			package = 64941F972A9481FC0049C005 /* XCRemoteSwiftPackageReference "firebase-ios-sdk" */;
			productName = FirebaseAuth;
		};
		64941F9A2A9481FC0049C005 /* FirebaseFirestore */ = {
			isa = XCSwiftPackageProductDependency;
			package = 64941F972A9481FC0049C005 /* XCRemoteSwiftPackageReference "firebase-ios-sdk" */;
			productName = FirebaseFirestore;
		};
		64941F9C2A9481FC0049C005 /* FirebaseFirestoreSwift */ = {
			isa = XCSwiftPackageProductDependency;
			package = 64941F972A9481FC0049C005 /* XCRemoteSwiftPackageReference "firebase-ios-sdk" */;
			productName = FirebaseFirestoreSwift;
		};
		64941F9E2A9481FC0049C005 /* FirebaseStorage */ = {
			isa = XCSwiftPackageProductDependency;
			package = 64941F972A9481FC0049C005 /* XCRemoteSwiftPackageReference "firebase-ios-sdk" */;
			productName = FirebaseStorage;
		};
/* End XCSwiftPackageProductDependency section */
	};
	rootObject = 64941F7D2A947C000049C005 /* Project object */;
}
